
Microsoft Visual Studio Solution File, Format Version 12.00
# Visual Studio Version 17
VisualStudioVersion = 17.12.35514.174
MinimumVisualStudioVersion = 10.0.40219.1
Project("{FAE04EC0-301F-11D3-BF4B-00C04F79EFBC}") = "Auction", "Auction\Auction.csproj", "{1C2AD2A1-D931-4CB0-96A9-CA86600536FD}"
EndProject
Project("{FAE04EC0-301F-11D3-BF4B-00C04F79EFBC}") = "UnitTesting", "UnitTesting\UnitTesting.csproj", "{14BF8FF1-EB8A-469F-82FB-F350E07C8BC6}"
EndProject
Global
	GlobalSection(SolutionConfigurationPlatforms) = preSolution
		Debug|Any CPU = Debug|Any CPU
		Release|Any CPU = Release|Any CPU
	EndGlobalSection
	GlobalSection(ProjectConfigurationPlatforms) = postSolution
		{1C2AD2A1-D931-4CB0-96A9-CA86600536FD}.Debug|Any CPU.ActiveCfg = Debug|Any CPU
		{1C2AD2A1-D931-4CB0-96A9-CA86600536FD}.Debug|Any CPU.Build.0 = Debug|Any CPU
		{1C2AD2A1-D931-4CB0-96A9-CA86600536FD}.Release|Any CPU.ActiveCfg = Release|Any CPU
		{1C2AD2A1-D931-4CB0-96A9-CA86600536FD}.Release|Any CPU.Build.0 = Release|Any CPU
		{14BF8FF1-EB8A-469F-82FB-F350E07C8BC6}.Debug|Any CPU.ActiveCfg = Debug|Any CPU
		{14BF8FF1-EB8A-469F-82FB-F350E07C8BC6}.Debug|Any CPU.Build.0 = Debug|Any CPU
		{14BF8FF1-EB8A-469F-82FB-F350E07C8BC6}.Release|Any CPU.ActiveCfg = Release|Any CPU
		{14BF8FF1-EB8A-469F-82FB-F350E07C8BC6}.Release|Any CPU.Build.0 = Release|Any CPU
	EndGlobalSection
	GlobalSection(SolutionProperties) = preSolution
		HideSolutionNode = FALSE
	EndGlobalSection
EndGlobal
